// !$*UTF8*$!
{
	archiveVersion = 1;
	classes = {
	};
	objectVersion = 46;
	objects = {

/* Begin PBXBuildFile section */
		84F1C758A865F128F23DF2D4 /* libPods-standardTemplate.a in Frameworks */ = {isa = PBXBuildFile; fileRef = 2FCFB936204595A4A1983B29 /* libPods-standardTemplate.a */; };
		C695B2D71EDFFAB100A3605A /* main.m in Sources */ = {isa = PBXBuildFile; fileRef = C695B2D61EDFFAB100A3605A /* main.m */; };
		C695B2DA1EDFFAB100A3605A /* AppDelegate.m in Sources */ = {isa = PBXBuildFile; fileRef = C695B2D91EDFFAB100A3605A /* AppDelegate.m */; };
		C695B2DD1EDFFAB100A3605A /* ViewController.m in Sources */ = {isa = PBXBuildFile; fileRef = C695B2DC1EDFFAB100A3605A /* ViewController.m */; };
		C695B2E01EDFFAB100A3605A /* Main.storyboard in Resources */ = {isa = PBXBuildFile; fileRef = C695B2DE1EDFFAB100A3605A /* Main.storyboard */; };
		C695B2E21EDFFAB100A3605A /* Assets.xcassets in Resources */ = {isa = PBXBuildFile; fileRef = C695B2E11EDFFAB100A3605A /* Assets.xcassets */; };
		C695B2E51EDFFAB100A3605A /* LaunchScreen.storyboard in Resources */ = {isa = PBXBuildFile; fileRef = C695B2E31EDFFAB100A3605A /* LaunchScreen.storyboard */; };
		C695B2F01EDFFAB100A3605A /* standardTemplateTests.m in Sources */ = {isa = PBXBuildFile; fileRef = C695B2EF1EDFFAB100A3605A /* standardTemplateTests.m */; };
		C695B2FB1EDFFAB100A3605A /* standardTemplateUITests.m in Sources */ = {isa = PBXBuildFile; fileRef = C695B2FA1EDFFAB100A3605A /* standardTemplateUITests.m */; };
		C699D5F11EE05DB2007AB40B /* NSData+Encryption.m in Sources */ = {isa = PBXBuildFile; fileRef = C699D5ED1EE05DB2007AB40B /* NSData+Encryption.m */; };
		C699D5F21EE05DB2007AB40B /* XBNetAcess.m in Sources */ = {isa = PBXBuildFile; fileRef = C699D5F01EE05DB2007AB40B /* XBNetAcess.m */; };
		C699D61F1EE05DB8007AB40B /* MainModel.m in Sources */ = {isa = PBXBuildFile; fileRef = C699D5F61EE05DB8007AB40B /* MainModel.m */; };
		C699D6201EE05DB8007AB40B /* CustomNavigationBar.m in Sources */ = {isa = PBXBuildFile; fileRef = C699D5F91EE05DB8007AB40B /* CustomNavigationBar.m */; };
		C699D6211EE05DB8007AB40B /* HKSearchBar.m in Sources */ = {isa = PBXBuildFile; fileRef = C699D5FC1EE05DB8007AB40B /* HKSearchBar.m */; };
		C699D6221EE05DB8007AB40B /* city.json in Resources */ = {isa = PBXBuildFile; fileRef = C699D5FE1EE05DB8007AB40B /* city.json */; };
		C699D6231EE05DB8007AB40B /* CitySelectedView.m in Sources */ = {isa = PBXBuildFile; fileRef = C699D6001EE05DB8007AB40B /* CitySelectedView.m */; };
		C699D6241EE05DB8007AB40B /* CitySelectedView.xib in Resources */ = {isa = PBXBuildFile; fileRef = C699D6011EE05DB8007AB40B /* CitySelectedView.xib */; };
		C699D6251EE05DB8007AB40B /* DateSelectView.m in Sources */ = {isa = PBXBuildFile; fileRef = C699D6031EE05DB8007AB40B /* DateSelectView.m */; };
		C699D6261EE05DB8007AB40B /* DateSelectView.xib in Resources */ = {isa = PBXBuildFile; fileRef = C699D6041EE05DB8007AB40B /* DateSelectView.xib */; };
		C699D6271EE05DB8007AB40B /* RootViewController.m in Sources */ = {isa = PBXBuildFile; fileRef = C699D6071EE05DB8007AB40B /* RootViewController.m */; };
		C699D6281EE05DB8007AB40B /* SaveFriendsInfoTool.m in Sources */ = {isa = PBXBuildFile; fileRef = C699D6091EE05DB8007AB40B /* SaveFriendsInfoTool.m */; };
		C699D6291EE05DB8007AB40B /* CustomScrollView.m in Sources */ = {isa = PBXBuildFile; fileRef = C699D60C1EE05DB8007AB40B /* CustomScrollView.m */; };
		C699D62A1EE05DB8007AB40B /* SystemNewModel.m in Sources */ = {isa = PBXBuildFile; fileRef = C699D60E1EE05DB8007AB40B /* SystemNewModel.m */; };
		C699D62B1EE05DB8007AB40B /* HKBadgeButton.m in Sources */ = {isa = PBXBuildFile; fileRef = C699D6111EE05DB8007AB40B /* HKBadgeButton.m */; };
		C699D62C1EE05DB8007AB40B /* HKNavigationController.m in Sources */ = {isa = PBXBuildFile; fileRef = C699D6131EE05DB8007AB40B /* HKNavigationController.m */; };
		C699D62D1EE05DB8007AB40B /* HKtabBar.m in Sources */ = {isa = PBXBuildFile; fileRef = C699D6151EE05DB8007AB40B /* HKtabBar.m */; };
		C699D62E1EE05DB8007AB40B /* HKtabBarButton.m in Sources */ = {isa = PBXBuildFile; fileRef = C699D6171EE05DB8007AB40B /* HKtabBarButton.m */; };
		C699D62F1EE05DB8007AB40B /* HKTabBarViewController.m in Sources */ = {isa = PBXBuildFile; fileRef = C699D6191EE05DB8007AB40B /* HKTabBarViewController.m */; };
		C699D6301EE05DB8007AB40B /* LRButton.m in Sources */ = {isa = PBXBuildFile; fileRef = C699D61B1EE05DB8007AB40B /* LRButton.m */; };
		C699D6311EE05DB8007AB40B /* Main_TabelView.m in Sources */ = {isa = PBXBuildFile; fileRef = C699D61E1EE05DB8007AB40B /* Main_TabelView.m */; };
		C699D6511EE05DCA007AB40B /* MBProgressHUD+MJ.m in Sources */ = {isa = PBXBuildFile; fileRef = C699D6341EE05DCA007AB40B /* MBProgressHUD+MJ.m */; };
		C699D6521EE05DCA007AB40B /* NSDate+Extension.m in Sources */ = {isa = PBXBuildFile; fileRef = C699D6361EE05DCA007AB40B /* NSDate+Extension.m */; };
		C699D6531EE05DCA007AB40B /* NSDictionary+Extension.m in Sources */ = {isa = PBXBuildFile; fileRef = C699D6381EE05DCA007AB40B /* NSDictionary+Extension.m */; };
		C699D6541EE05DCA007AB40B /* NSString+Frame.m in Sources */ = {isa = PBXBuildFile; fileRef = C699D63A1EE05DCA007AB40B /* NSString+Frame.m */; };
		C699D6551EE05DCA007AB40B /* NSString+MD5Str.m in Sources */ = {isa = PBXBuildFile; fileRef = C699D63C1EE05DCA007AB40B /* NSString+MD5Str.m */; };
		C699D6561EE05DCA007AB40B /* NSString+UUID.m in Sources */ = {isa = PBXBuildFile; fileRef = C699D63E1EE05DCA007AB40B /* NSString+UUID.m */; };
		C699D6571EE05DCA007AB40B /* UIButton+title_imageView_layout.m in Sources */ = {isa = PBXBuildFile; fileRef = C699D6401EE05DCA007AB40B /* UIButton+title_imageView_layout.m */; };
		C699D6581EE05DCA007AB40B /* UIColor+Common4IOS.m in Sources */ = {isa = PBXBuildFile; fileRef = C699D6421EE05DCA007AB40B /* UIColor+Common4IOS.m */; };
		C699D6591EE05DCA007AB40B /* UIGestureRecognizer+YYAdd.m in Sources */ = {isa = PBXBuildFile; fileRef = C699D6441EE05DCA007AB40B /* UIGestureRecognizer+YYAdd.m */; };
		C699D65A1EE05DCA007AB40B /* UIImage+Common4IOS.m in Sources */ = {isa = PBXBuildFile; fileRef = C699D6461EE05DCA007AB40B /* UIImage+Common4IOS.m */; };
		C699D65B1EE05DCA007AB40B /* UIImage+Extension.m in Sources */ = {isa = PBXBuildFile; fileRef = C699D6481EE05DCA007AB40B /* UIImage+Extension.m */; };
		C699D65C1EE05DCA007AB40B /* UILabel+align.m in Sources */ = {isa = PBXBuildFile; fileRef = C699D64A1EE05DCA007AB40B /* UILabel+align.m */; };
		C699D65D1EE05DCA007AB40B /* UILabel+ChangeLineSpaceAndWordSpace.m in Sources */ = {isa = PBXBuildFile; fileRef = C699D64C1EE05DCA007AB40B /* UILabel+ChangeLineSpaceAndWordSpace.m */; };
		C699D65E1EE05DCA007AB40B /* UIResponder+GXRouter.m in Sources */ = {isa = PBXBuildFile; fileRef = C699D64E1EE05DCA007AB40B /* UIResponder+GXRouter.m */; };
		C699D65F1EE05DCA007AB40B /* UIView+Extension.m in Sources */ = {isa = PBXBuildFile; fileRef = C699D6501EE05DCA007AB40B /* UIView+Extension.m */; };
/* End PBXBuildFile section */

/* Begin PBXContainerItemProxy section */
		C695B2EC1EDFFAB100A3605A /* PBXContainerItemProxy */ = {
			isa = PBXContainerItemProxy;
			containerPortal = C695B2CA1EDFFAB000A3605A /* Project object */;
			proxyType = 1;
			remoteGlobalIDString = C695B2D11EDFFAB000A3605A;
			remoteInfo = standardTemplate;
		};
		C695B2F71EDFFAB100A3605A /* PBXContainerItemProxy */ = {
			isa = PBXContainerItemProxy;
			containerPortal = C695B2CA1EDFFAB000A3605A /* Project object */;
			proxyType = 1;
			remoteGlobalIDString = C695B2D11EDFFAB000A3605A;
			remoteInfo = standardTemplate;
		};
/* End PBXContainerItemProxy section */

/* Begin PBXFileReference section */
		2FCFB936204595A4A1983B29 /* libPods-standardTemplate.a */ = {isa = PBXFileReference; explicitFileType = archive.ar; includeInIndex = 0; path = "libPods-standardTemplate.a"; sourceTree = BUILT_PRODUCTS_DIR; };
		9C4359EBA60C924BFAF43486 /* Pods-standardTemplate.debug.xcconfig */ = {isa = PBXFileReference; includeInIndex = 1; lastKnownFileType = text.xcconfig; name = "Pods-standardTemplate.debug.xcconfig"; path = "Pods/Target Support Files/Pods-standardTemplate/Pods-standardTemplate.debug.xcconfig"; sourceTree = "<group>"; };
		B9F987BE85379A358FC944D7 /* Pods-standardTemplate.release.xcconfig */ = {isa = PBXFileReference; includeInIndex = 1; lastKnownFileType = text.xcconfig; name = "Pods-standardTemplate.release.xcconfig"; path = "Pods/Target Support Files/Pods-standardTemplate/Pods-standardTemplate.release.xcconfig"; sourceTree = "<group>"; };
		C695B2D21EDFFAB100A3605A /* standardTemplate.app */ = {isa = PBXFileReference; explicitFileType = wrapper.application; includeInIndex = 0; path = standardTemplate.app; sourceTree = BUILT_PRODUCTS_DIR; };
		C695B2D61EDFFAB100A3605A /* main.m */ = {isa = PBXFileReference; lastKnownFileType = sourcecode.c.objc; path = main.m; sourceTree = "<group>"; };
		C695B2D81EDFFAB100A3605A /* AppDelegate.h */ = {isa = PBXFileReference; lastKnownFileType = sourcecode.c.h; path = AppDelegate.h; sourceTree = "<group>"; };
		C695B2D91EDFFAB100A3605A /* AppDelegate.m */ = {isa = PBXFileReference; lastKnownFileType = sourcecode.c.objc; path = AppDelegate.m; sourceTree = "<group>"; };
		C695B2DB1EDFFAB100A3605A /* ViewController.h */ = {isa = PBXFileReference; lastKnownFileType = sourcecode.c.h; path = ViewController.h; sourceTree = "<group>"; };
		C695B2DC1EDFFAB100A3605A /* ViewController.m */ = {isa = PBXFileReference; lastKnownFileType = sourcecode.c.objc; path = ViewController.m; sourceTree = "<group>"; };
		C695B2DF1EDFFAB100A3605A /* Base */ = {isa = PBXFileReference; lastKnownFileType = file.storyboard; name = Base; path = Base.lproj/Main.storyboard; sourceTree = "<group>"; };
		C695B2E11EDFFAB100A3605A /* Assets.xcassets */ = {isa = PBXFileReference; lastKnownFileType = folder.assetcatalog; path = Assets.xcassets; sourceTree = "<group>"; };
		C695B2E41EDFFAB100A3605A /* Base */ = {isa = PBXFileReference; lastKnownFileType = file.storyboard; name = Base; path = Base.lproj/LaunchScreen.storyboard; sourceTree = "<group>"; };
		C695B2E61EDFFAB100A3605A /* Info.plist */ = {isa = PBXFileReference; lastKnownFileType = text.plist.xml; path = Info.plist; sourceTree = "<group>"; };
		C695B2EB1EDFFAB100A3605A /* standardTemplateTests.xctest */ = {isa = PBXFileReference; explicitFileType = wrapper.cfbundle; includeInIndex = 0; path = standardTemplateTests.xctest; sourceTree = BUILT_PRODUCTS_DIR; };
		C695B2EF1EDFFAB100A3605A /* standardTemplateTests.m */ = {isa = PBXFileReference; lastKnownFileType = sourcecode.c.objc; path = standardTemplateTests.m; sourceTree = "<group>"; };
		C695B2F11EDFFAB100A3605A /* Info.plist */ = {isa = PBXFileReference; lastKnownFileType = text.plist.xml; path = Info.plist; sourceTree = "<group>"; };
		C695B2F61EDFFAB100A3605A /* standardTemplateUITests.xctest */ = {isa = PBXFileReference; explicitFileType = wrapper.cfbundle; includeInIndex = 0; path = standardTemplateUITests.xctest; sourceTree = BUILT_PRODUCTS_DIR; };
		C695B2FA1EDFFAB100A3605A /* standardTemplateUITests.m */ = {isa = PBXFileReference; lastKnownFileType = sourcecode.c.objc; path = standardTemplateUITests.m; sourceTree = "<group>"; };
		C695B2FC1EDFFAB100A3605A /* Info.plist */ = {isa = PBXFileReference; lastKnownFileType = text.plist.xml; path = Info.plist; sourceTree = "<group>"; };
		C699D5EB1EE05DB2007AB40B /* AllInterfaceHeader.h */ = {isa = PBXFileReference; fileEncoding = 4; lastKnownFileType = sourcecode.c.h; path = AllInterfaceHeader.h; sourceTree = "<group>"; };
		C699D5EC1EE05DB2007AB40B /* NSData+Encryption.h */ = {isa = PBXFileReference; fileEncoding = 4; lastKnownFileType = sourcecode.c.h; path = "NSData+Encryption.h"; sourceTree = "<group>"; };
		C699D5ED1EE05DB2007AB40B /* NSData+Encryption.m */ = {isa = PBXFileReference; fileEncoding = 4; lastKnownFileType = sourcecode.c.objc; path = "NSData+Encryption.m"; sourceTree = "<group>"; };
		C699D5EE1EE05DB2007AB40B /* OtherInterface.h */ = {isa = PBXFileReference; fileEncoding = 4; lastKnownFileType = sourcecode.c.h; path = OtherInterface.h; sourceTree = "<group>"; };
		C699D5EF1EE05DB2007AB40B /* XBNetAcess.h */ = {isa = PBXFileReference; fileEncoding = 4; lastKnownFileType = sourcecode.c.h; path = XBNetAcess.h; sourceTree = "<group>"; };
		C699D5F01EE05DB2007AB40B /* XBNetAcess.m */ = {isa = PBXFileReference; fileEncoding = 4; lastKnownFileType = sourcecode.c.objc; path = XBNetAcess.m; sourceTree = "<group>"; };
		C699D5F51EE05DB8007AB40B /* MainModel.h */ = {isa = PBXFileReference; fileEncoding = 4; lastKnownFileType = sourcecode.c.h; path = MainModel.h; sourceTree = "<group>"; };
		C699D5F61EE05DB8007AB40B /* MainModel.m */ = {isa = PBXFileReference; fileEncoding = 4; lastKnownFileType = sourcecode.c.objc; path = MainModel.m; sourceTree = "<group>"; };
		C699D5F81EE05DB8007AB40B /* CustomNavigationBar.h */ = {isa = PBXFileReference; fileEncoding = 4; lastKnownFileType = sourcecode.c.h; path = CustomNavigationBar.h; sourceTree = "<group>"; };
		C699D5F91EE05DB8007AB40B /* CustomNavigationBar.m */ = {isa = PBXFileReference; fileEncoding = 4; lastKnownFileType = sourcecode.c.objc; path = CustomNavigationBar.m; sourceTree = "<group>"; };
		C699D5FB1EE05DB8007AB40B /* HKSearchBar.h */ = {isa = PBXFileReference; fileEncoding = 4; lastKnownFileType = sourcecode.c.h; path = HKSearchBar.h; sourceTree = "<group>"; };
		C699D5FC1EE05DB8007AB40B /* HKSearchBar.m */ = {isa = PBXFileReference; fileEncoding = 4; lastKnownFileType = sourcecode.c.objc; path = HKSearchBar.m; sourceTree = "<group>"; };
		C699D5FE1EE05DB8007AB40B /* city.json */ = {isa = PBXFileReference; fileEncoding = 4; lastKnownFileType = text.json; path = city.json; sourceTree = "<group>"; };
		C699D5FF1EE05DB8007AB40B /* CitySelectedView.h */ = {isa = PBXFileReference; fileEncoding = 4; lastKnownFileType = sourcecode.c.h; path = CitySelectedView.h; sourceTree = "<group>"; };
		C699D6001EE05DB8007AB40B /* CitySelectedView.m */ = {isa = PBXFileReference; fileEncoding = 4; lastKnownFileType = sourcecode.c.objc; path = CitySelectedView.m; sourceTree = "<group>"; };
		C699D6011EE05DB8007AB40B /* CitySelectedView.xib */ = {isa = PBXFileReference; fileEncoding = 4; lastKnownFileType = file.xib; path = CitySelectedView.xib; sourceTree = "<group>"; };
		C699D6021EE05DB8007AB40B /* DateSelectView.h */ = {isa = PBXFileReference; fileEncoding = 4; lastKnownFileType = sourcecode.c.h; path = DateSelectView.h; sourceTree = "<group>"; };
		C699D6031EE05DB8007AB40B /* DateSelectView.m */ = {isa = PBXFileReference; fileEncoding = 4; lastKnownFileType = sourcecode.c.objc; path = DateSelectView.m; sourceTree = "<group>"; };
		C699D6041EE05DB8007AB40B /* DateSelectView.xib */ = {isa = PBXFileReference; fileEncoding = 4; lastKnownFileType = file.xib; path = DateSelectView.xib; sourceTree = "<group>"; };
		C699D6061EE05DB8007AB40B /* RootViewController.h */ = {isa = PBXFileReference; fileEncoding = 4; lastKnownFileType = sourcecode.c.h; path = RootViewController.h; sourceTree = "<group>"; };
		C699D6071EE05DB8007AB40B /* RootViewController.m */ = {isa = PBXFileReference; fileEncoding = 4; lastKnownFileType = sourcecode.c.objc; path = RootViewController.m; sourceTree = "<group>"; };
		C699D6081EE05DB8007AB40B /* SaveFriendsInfoTool.h */ = {isa = PBXFileReference; fileEncoding = 4; lastKnownFileType = sourcecode.c.h; path = SaveFriendsInfoTool.h; sourceTree = "<group>"; };
		C699D6091EE05DB8007AB40B /* SaveFriendsInfoTool.m */ = {isa = PBXFileReference; fileEncoding = 4; lastKnownFileType = sourcecode.c.objc; path = SaveFriendsInfoTool.m; sourceTree = "<group>"; };
		C699D60B1EE05DB8007AB40B /* CustomScrollView.h */ = {isa = PBXFileReference; fileEncoding = 4; lastKnownFileType = sourcecode.c.h; path = CustomScrollView.h; sourceTree = "<group>"; };
		C699D60C1EE05DB8007AB40B /* CustomScrollView.m */ = {isa = PBXFileReference; fileEncoding = 4; lastKnownFileType = sourcecode.c.objc; path = CustomScrollView.m; sourceTree = "<group>"; };
		C699D60D1EE05DB8007AB40B /* SystemNewModel.h */ = {isa = PBXFileReference; fileEncoding = 4; lastKnownFileType = sourcecode.c.h; path = SystemNewModel.h; sourceTree = "<group>"; };
		C699D60E1EE05DB8007AB40B /* SystemNewModel.m */ = {isa = PBXFileReference; fileEncoding = 4; lastKnownFileType = sourcecode.c.objc; path = SystemNewModel.m; sourceTree = "<group>"; };
		C699D6101EE05DB8007AB40B /* HKBadgeButton.h */ = {isa = PBXFileReference; fileEncoding = 4; lastKnownFileType = sourcecode.c.h; path = HKBadgeButton.h; sourceTree = "<group>"; };
		C699D6111EE05DB8007AB40B /* HKBadgeButton.m */ = {isa = PBXFileReference; fileEncoding = 4; lastKnownFileType = sourcecode.c.objc; path = HKBadgeButton.m; sourceTree = "<group>"; };
		C699D6121EE05DB8007AB40B /* HKNavigationController.h */ = {isa = PBXFileReference; fileEncoding = 4; lastKnownFileType = sourcecode.c.h; path = HKNavigationController.h; sourceTree = "<group>"; };
		C699D6131EE05DB8007AB40B /* HKNavigationController.m */ = {isa = PBXFileReference; fileEncoding = 4; lastKnownFileType = sourcecode.c.objc; path = HKNavigationController.m; sourceTree = "<group>"; };
		C699D6141EE05DB8007AB40B /* HKtabBar.h */ = {isa = PBXFileReference; fileEncoding = 4; lastKnownFileType = sourcecode.c.h; path = HKtabBar.h; sourceTree = "<group>"; };
		C699D6151EE05DB8007AB40B /* HKtabBar.m */ = {isa = PBXFileReference; fileEncoding = 4; lastKnownFileType = sourcecode.c.objc; path = HKtabBar.m; sourceTree = "<group>"; };
		C699D6161EE05DB8007AB40B /* HKtabBarButton.h */ = {isa = PBXFileReference; fileEncoding = 4; lastKnownFileType = sourcecode.c.h; path = HKtabBarButton.h; sourceTree = "<group>"; };
		C699D6171EE05DB8007AB40B /* HKtabBarButton.m */ = {isa = PBXFileReference; fileEncoding = 4; lastKnownFileType = sourcecode.c.objc; path = HKtabBarButton.m; sourceTree = "<group>"; };
		C699D6181EE05DB8007AB40B /* HKTabBarViewController.h */ = {isa = PBXFileReference; fileEncoding = 4; lastKnownFileType = sourcecode.c.h; path = HKTabBarViewController.h; sourceTree = "<group>"; };
		C699D6191EE05DB8007AB40B /* HKTabBarViewController.m */ = {isa = PBXFileReference; fileEncoding = 4; lastKnownFileType = sourcecode.c.objc; path = HKTabBarViewController.m; sourceTree = "<group>"; };
		C699D61A1EE05DB8007AB40B /* LRButton.h */ = {isa = PBXFileReference; fileEncoding = 4; lastKnownFileType = sourcecode.c.h; path = LRButton.h; sourceTree = "<group>"; };
		C699D61B1EE05DB8007AB40B /* LRButton.m */ = {isa = PBXFileReference; fileEncoding = 4; lastKnownFileType = sourcecode.c.objc; path = LRButton.m; sourceTree = "<group>"; };
		C699D61D1EE05DB8007AB40B /* Main_TabelView.h */ = {isa = PBXFileReference; fileEncoding = 4; lastKnownFileType = sourcecode.c.h; path = Main_TabelView.h; sourceTree = "<group>"; };
		C699D61E1EE05DB8007AB40B /* Main_TabelView.m */ = {isa = PBXFileReference; fileEncoding = 4; lastKnownFileType = sourcecode.c.objc; path = Main_TabelView.m; sourceTree = "<group>"; };
		C699D6331EE05DCA007AB40B /* MBProgressHUD+MJ.h */ = {isa = PBXFileReference; fileEncoding = 4; lastKnownFileType = sourcecode.c.h; path = "MBProgressHUD+MJ.h"; sourceTree = "<group>"; };
		C699D6341EE05DCA007AB40B /* MBProgressHUD+MJ.m */ = {isa = PBXFileReference; fileEncoding = 4; lastKnownFileType = sourcecode.c.objc; path = "MBProgressHUD+MJ.m"; sourceTree = "<group>"; };
		C699D6351EE05DCA007AB40B /* NSDate+Extension.h */ = {isa = PBXFileReference; fileEncoding = 4; lastKnownFileType = sourcecode.c.h; path = "NSDate+Extension.h"; sourceTree = "<group>"; };
		C699D6361EE05DCA007AB40B /* NSDate+Extension.m */ = {isa = PBXFileReference; fileEncoding = 4; lastKnownFileType = sourcecode.c.objc; path = "NSDate+Extension.m"; sourceTree = "<group>"; };
		C699D6371EE05DCA007AB40B /* NSDictionary+Extension.h */ = {isa = PBXFileReference; fileEncoding = 4; lastKnownFileType = sourcecode.c.h; path = "NSDictionary+Extension.h"; sourceTree = "<group>"; };
		C699D6381EE05DCA007AB40B /* NSDictionary+Extension.m */ = {isa = PBXFileReference; fileEncoding = 4; lastKnownFileType = sourcecode.c.objc; path = "NSDictionary+Extension.m"; sourceTree = "<group>"; };
		C699D6391EE05DCA007AB40B /* NSString+Frame.h */ = {isa = PBXFileReference; fileEncoding = 4; lastKnownFileType = sourcecode.c.h; path = "NSString+Frame.h"; sourceTree = "<group>"; };
		C699D63A1EE05DCA007AB40B /* NSString+Frame.m */ = {isa = PBXFileReference; fileEncoding = 4; lastKnownFileType = sourcecode.c.objc; path = "NSString+Frame.m"; sourceTree = "<group>"; };
		C699D63B1EE05DCA007AB40B /* NSString+MD5Str.h */ = {isa = PBXFileReference; fileEncoding = 4; lastKnownFileType = sourcecode.c.h; path = "NSString+MD5Str.h"; sourceTree = "<group>"; };
		C699D63C1EE05DCA007AB40B /* NSString+MD5Str.m */ = {isa = PBXFileReference; fileEncoding = 4; lastKnownFileType = sourcecode.c.objc; path = "NSString+MD5Str.m"; sourceTree = "<group>"; };
		C699D63D1EE05DCA007AB40B /* NSString+UUID.h */ = {isa = PBXFileReference; fileEncoding = 4; lastKnownFileType = sourcecode.c.h; path = "NSString+UUID.h"; sourceTree = "<group>"; };
		C699D63E1EE05DCA007AB40B /* NSString+UUID.m */ = {isa = PBXFileReference; fileEncoding = 4; lastKnownFileType = sourcecode.c.objc; path = "NSString+UUID.m"; sourceTree = "<group>"; };
		C699D63F1EE05DCA007AB40B /* UIButton+title_imageView_layout.h */ = {isa = PBXFileReference; fileEncoding = 4; lastKnownFileType = sourcecode.c.h; path = "UIButton+title_imageView_layout.h"; sourceTree = "<group>"; };
		C699D6401EE05DCA007AB40B /* UIButton+title_imageView_layout.m */ = {isa = PBXFileReference; fileEncoding = 4; lastKnownFileType = sourcecode.c.objc; path = "UIButton+title_imageView_layout.m"; sourceTree = "<group>"; };
		C699D6411EE05DCA007AB40B /* UIColor+Common4IOS.h */ = {isa = PBXFileReference; fileEncoding = 4; lastKnownFileType = sourcecode.c.h; path = "UIColor+Common4IOS.h"; sourceTree = "<group>"; };
		C699D6421EE05DCA007AB40B /* UIColor+Common4IOS.m */ = {isa = PBXFileReference; fileEncoding = 4; lastKnownFileType = sourcecode.c.objc; path = "UIColor+Common4IOS.m"; sourceTree = "<group>"; };
		C699D6431EE05DCA007AB40B /* UIGestureRecognizer+YYAdd.h */ = {isa = PBXFileReference; fileEncoding = 4; lastKnownFileType = sourcecode.c.h; path = "UIGestureRecognizer+YYAdd.h"; sourceTree = "<group>"; };
		C699D6441EE05DCA007AB40B /* UIGestureRecognizer+YYAdd.m */ = {isa = PBXFileReference; fileEncoding = 4; lastKnownFileType = sourcecode.c.objc; path = "UIGestureRecognizer+YYAdd.m"; sourceTree = "<group>"; };
		C699D6451EE05DCA007AB40B /* UIImage+Common4IOS.h */ = {isa = PBXFileReference; fileEncoding = 4; lastKnownFileType = sourcecode.c.h; path = "UIImage+Common4IOS.h"; sourceTree = "<group>"; };
		C699D6461EE05DCA007AB40B /* UIImage+Common4IOS.m */ = {isa = PBXFileReference; fileEncoding = 4; lastKnownFileType = sourcecode.c.objc; path = "UIImage+Common4IOS.m"; sourceTree = "<group>"; };
		C699D6471EE05DCA007AB40B /* UIImage+Extension.h */ = {isa = PBXFileReference; fileEncoding = 4; lastKnownFileType = sourcecode.c.h; path = "UIImage+Extension.h"; sourceTree = "<group>"; };
		C699D6481EE05DCA007AB40B /* UIImage+Extension.m */ = {isa = PBXFileReference; fileEncoding = 4; lastKnownFileType = sourcecode.c.objc; path = "UIImage+Extension.m"; sourceTree = "<group>"; };
		C699D6491EE05DCA007AB40B /* UILabel+align.h */ = {isa = PBXFileReference; fileEncoding = 4; lastKnownFileType = sourcecode.c.h; path = "UILabel+align.h"; sourceTree = "<group>"; };
		C699D64A1EE05DCA007AB40B /* UILabel+align.m */ = {isa = PBXFileReference; fileEncoding = 4; lastKnownFileType = sourcecode.c.objc; path = "UILabel+align.m"; sourceTree = "<group>"; };
		C699D64B1EE05DCA007AB40B /* UILabel+ChangeLineSpaceAndWordSpace.h */ = {isa = PBXFileReference; fileEncoding = 4; lastKnownFileType = sourcecode.c.h; path = "UILabel+ChangeLineSpaceAndWordSpace.h"; sourceTree = "<group>"; };
		C699D64C1EE05DCA007AB40B /* UILabel+ChangeLineSpaceAndWordSpace.m */ = {isa = PBXFileReference; fileEncoding = 4; lastKnownFileType = sourcecode.c.objc; path = "UILabel+ChangeLineSpaceAndWordSpace.m"; sourceTree = "<group>"; };
		C699D64D1EE05DCA007AB40B /* UIResponder+GXRouter.h */ = {isa = PBXFileReference; fileEncoding = 4; lastKnownFileType = sourcecode.c.h; path = "UIResponder+GXRouter.h"; sourceTree = "<group>"; };
		C699D64E1EE05DCA007AB40B /* UIResponder+GXRouter.m */ = {isa = PBXFileReference; fileEncoding = 4; lastKnownFileType = sourcecode.c.objc; path = "UIResponder+GXRouter.m"; sourceTree = "<group>"; };
		C699D64F1EE05DCA007AB40B /* UIView+Extension.h */ = {isa = PBXFileReference; fileEncoding = 4; lastKnownFileType = sourcecode.c.h; path = "UIView+Extension.h"; sourceTree = "<group>"; };
		C699D6501EE05DCA007AB40B /* UIView+Extension.m */ = {isa = PBXFileReference; fileEncoding = 4; lastKnownFileType = sourcecode.c.objc; path = "UIView+Extension.m"; sourceTree = "<group>"; };
/* End PBXFileReference section */

/* Begin PBXFrameworksBuildPhase section */
		C695B2CF1EDFFAB000A3605A /* Frameworks */ = {
			isa = PBXFrameworksBuildPhase;
			buildActionMask = 2147483647;
			files = (
				84F1C758A865F128F23DF2D4 /* libPods-standardTemplate.a in Frameworks */,
			);
			runOnlyForDeploymentPostprocessing = 0;
		};
		C695B2E81EDFFAB100A3605A /* Frameworks */ = {
			isa = PBXFrameworksBuildPhase;
			buildActionMask = 2147483647;
			files = (
			);
			runOnlyForDeploymentPostprocessing = 0;
		};
		C695B2F31EDFFAB100A3605A /* Frameworks */ = {
			isa = PBXFrameworksBuildPhase;
			buildActionMask = 2147483647;
			files = (
			);
			runOnlyForDeploymentPostprocessing = 0;
		};
/* End PBXFrameworksBuildPhase section */

/* Begin PBXGroup section */
		84216E3FF98E74D42AFCE370 /* Frameworks */ = {
			isa = PBXGroup;
			children = (
				2FCFB936204595A4A1983B29 /* libPods-standardTemplate.a */,
			);
			name = Frameworks;
			sourceTree = "<group>";
		};
		C1C3F22DCE5D56C500ADC1D9 /* Pods */ = {
			isa = PBXGroup;
			children = (
				9C4359EBA60C924BFAF43486 /* Pods-standardTemplate.debug.xcconfig */,
				B9F987BE85379A358FC944D7 /* Pods-standardTemplate.release.xcconfig */,
			);
			name = Pods;
			sourceTree = "<group>";
		};
		C695B2C91EDFFAB000A3605A = {
			isa = PBXGroup;
			children = (
				C695B2D41EDFFAB100A3605A /* standardTemplate */,
				C695B2EE1EDFFAB100A3605A /* standardTemplateTests */,
				C695B2F91EDFFAB100A3605A /* standardTemplateUITests */,
				C695B2D31EDFFAB100A3605A /* Products */,
				C1C3F22DCE5D56C500ADC1D9 /* Pods */,
				84216E3FF98E74D42AFCE370 /* Frameworks */,
			);
			sourceTree = "<group>";
		};
		C695B2D31EDFFAB100A3605A /* Products */ = {
			isa = PBXGroup;
			children = (
				C695B2D21EDFFAB100A3605A /* standardTemplate.app */,
				C695B2EB1EDFFAB100A3605A /* standardTemplateTests.xctest */,
				C695B2F61EDFFAB100A3605A /* standardTemplateUITests.xctest */,
			);
			name = Products;
			sourceTree = "<group>";
		};
		C695B2D41EDFFAB100A3605A /* standardTemplate */ = {
			isa = PBXGroup;
			children = (
				C695B2D81EDFFAB100A3605A /* AppDelegate.h */,
				C695B2D91EDFFAB100A3605A /* AppDelegate.m */,
				C695B2DB1EDFFAB100A3605A /* ViewController.h */,
				C695B2DC1EDFFAB100A3605A /* ViewController.m */,
				C699D6321EE05DCA007AB40B /* Category */,
				C699D5F31EE05DB8007AB40B /* Base */,
				C699D5EA1EE05DB2007AB40B /* Interface */,
				C695B2DE1EDFFAB100A3605A /* Main.storyboard */,
				C695B2E11EDFFAB100A3605A /* Assets.xcassets */,
				C695B2E31EDFFAB100A3605A /* LaunchScreen.storyboard */,
				C695B2E61EDFFAB100A3605A /* Info.plist */,
				C695B2D51EDFFAB100A3605A /* Supporting Files */,
			);
			path = standardTemplate;
			sourceTree = "<group>";
		};
		C695B2D51EDFFAB100A3605A /* Supporting Files */ = {
			isa = PBXGroup;
			children = (
				C695B2D61EDFFAB100A3605A /* main.m */,
			);
			name = "Supporting Files";
			sourceTree = "<group>";
		};
		C695B2EE1EDFFAB100A3605A /* standardTemplateTests */ = {
			isa = PBXGroup;
			children = (
				C695B2EF1EDFFAB100A3605A /* standardTemplateTests.m */,
				C695B2F11EDFFAB100A3605A /* Info.plist */,
			);
			path = standardTemplateTests;
			sourceTree = "<group>";
		};
		C695B2F91EDFFAB100A3605A /* standardTemplateUITests */ = {
			isa = PBXGroup;
			children = (
				C695B2FA1EDFFAB100A3605A /* standardTemplateUITests.m */,
				C695B2FC1EDFFAB100A3605A /* Info.plist */,
			);
			path = standardTemplateUITests;
			sourceTree = "<group>";
		};
		C699D5EA1EE05DB2007AB40B /* Interface */ = {
			isa = PBXGroup;
			children = (
				C699D5EB1EE05DB2007AB40B /* AllInterfaceHeader.h */,
				C699D5EC1EE05DB2007AB40B /* NSData+Encryption.h */,
				C699D5ED1EE05DB2007AB40B /* NSData+Encryption.m */,
				C699D5EE1EE05DB2007AB40B /* OtherInterface.h */,
				C699D5EF1EE05DB2007AB40B /* XBNetAcess.h */,
				C699D5F01EE05DB2007AB40B /* XBNetAcess.m */,
			);
			path = Interface;
			sourceTree = "<group>";
		};
		C699D5F31EE05DB8007AB40B /* Base */ = {
			isa = PBXGroup;
			children = (
				C699D5F41EE05DB8007AB40B /* Model */,
				C699D5F71EE05DB8007AB40B /* NavBar */,
				C699D5FD1EE05DB8007AB40B /* picker */,
				C699D6051EE05DB8007AB40B /* RootViewController */,
				C699D6081EE05DB8007AB40B /* SaveFriendsInfoTool.h */,
				C699D6091EE05DB8007AB40B /* SaveFriendsInfoTool.m */,
				C699D60A1EE05DB8007AB40B /* ScrollView */,
				C699D60F1EE05DB8007AB40B /* TabBar */,
				C699D61C1EE05DB8007AB40B /* TableView */,
			);
			path = Base;
			sourceTree = "<group>";
		};
		C699D5F41EE05DB8007AB40B /* Model */ = {
			isa = PBXGroup;
			children = (
				C699D5F51EE05DB8007AB40B /* MainModel.h */,
				C699D5F61EE05DB8007AB40B /* MainModel.m */,
			);
			path = Model;
			sourceTree = "<group>";
		};
		C699D5F71EE05DB8007AB40B /* NavBar */ = {
			isa = PBXGroup;
			children = (
				C699D5F81EE05DB8007AB40B /* CustomNavigationBar.h */,
				C699D5F91EE05DB8007AB40B /* CustomNavigationBar.m */,
				C699D5FA1EE05DB8007AB40B /* View */,
			);
			path = NavBar;
			sourceTree = "<group>";
		};
		C699D5FA1EE05DB8007AB40B /* View */ = {
			isa = PBXGroup;
			children = (
				C699D5FB1EE05DB8007AB40B /* HKSearchBar.h */,
				C699D5FC1EE05DB8007AB40B /* HKSearchBar.m */,
			);
			path = View;
			sourceTree = "<group>";
		};
		C699D5FD1EE05DB8007AB40B /* picker */ = {
			isa = PBXGroup;
			children = (
				C699D5FE1EE05DB8007AB40B /* city.json */,
				C699D5FF1EE05DB8007AB40B /* CitySelectedView.h */,
				C699D6001EE05DB8007AB40B /* CitySelectedView.m */,
				C699D6011EE05DB8007AB40B /* CitySelectedView.xib */,
				C699D6021EE05DB8007AB40B /* DateSelectView.h */,
				C699D6031EE05DB8007AB40B /* DateSelectView.m */,
				C699D6041EE05DB8007AB40B /* DateSelectView.xib */,
			);
			path = picker;
			sourceTree = "<group>";
		};
		C699D6051EE05DB8007AB40B /* RootViewController */ = {
			isa = PBXGroup;
			children = (
				C699D6061EE05DB8007AB40B /* RootViewController.h */,
				C699D6071EE05DB8007AB40B /* RootViewController.m */,
			);
			path = RootViewController;
			sourceTree = "<group>";
		};
		C699D60A1EE05DB8007AB40B /* ScrollView */ = {
			isa = PBXGroup;
			children = (
				C699D60B1EE05DB8007AB40B /* CustomScrollView.h */,
				C699D60C1EE05DB8007AB40B /* CustomScrollView.m */,
				C699D60D1EE05DB8007AB40B /* SystemNewModel.h */,
				C699D60E1EE05DB8007AB40B /* SystemNewModel.m */,
			);
			path = ScrollView;
			sourceTree = "<group>";
		};
		C699D60F1EE05DB8007AB40B /* TabBar */ = {
			isa = PBXGroup;
			children = (
				C699D6101EE05DB8007AB40B /* HKBadgeButton.h */,
				C699D6111EE05DB8007AB40B /* HKBadgeButton.m */,
				C699D6121EE05DB8007AB40B /* HKNavigationController.h */,
				C699D6131EE05DB8007AB40B /* HKNavigationController.m */,
				C699D6141EE05DB8007AB40B /* HKtabBar.h */,
				C699D6151EE05DB8007AB40B /* HKtabBar.m */,
				C699D6161EE05DB8007AB40B /* HKtabBarButton.h */,
				C699D6171EE05DB8007AB40B /* HKtabBarButton.m */,
				C699D6181EE05DB8007AB40B /* HKTabBarViewController.h */,
				C699D6191EE05DB8007AB40B /* HKTabBarViewController.m */,
				C699D61A1EE05DB8007AB40B /* LRButton.h */,
				C699D61B1EE05DB8007AB40B /* LRButton.m */,
			);
			path = TabBar;
			sourceTree = "<group>";
		};
		C699D61C1EE05DB8007AB40B /* TableView */ = {
			isa = PBXGroup;
			children = (
				C699D61D1EE05DB8007AB40B /* Main_TabelView.h */,
				C699D61E1EE05DB8007AB40B /* Main_TabelView.m */,
			);
			path = TableView;
			sourceTree = "<group>";
		};
		C699D6321EE05DCA007AB40B /* Category */ = {
			isa = PBXGroup;
			children = (
				C699D6331EE05DCA007AB40B /* MBProgressHUD+MJ.h */,
				C699D6341EE05DCA007AB40B /* MBProgressHUD+MJ.m */,
				C699D6351EE05DCA007AB40B /* NSDate+Extension.h */,
				C699D6361EE05DCA007AB40B /* NSDate+Extension.m */,
				C699D6371EE05DCA007AB40B /* NSDictionary+Extension.h */,
				C699D6381EE05DCA007AB40B /* NSDictionary+Extension.m */,
				C699D6391EE05DCA007AB40B /* NSString+Frame.h */,
				C699D63A1EE05DCA007AB40B /* NSString+Frame.m */,
				C699D63B1EE05DCA007AB40B /* NSString+MD5Str.h */,
				C699D63C1EE05DCA007AB40B /* NSString+MD5Str.m */,
				C699D63D1EE05DCA007AB40B /* NSString+UUID.h */,
				C699D63E1EE05DCA007AB40B /* NSString+UUID.m */,
				C699D63F1EE05DCA007AB40B /* UIButton+title_imageView_layout.h */,
				C699D6401EE05DCA007AB40B /* UIButton+title_imageView_layout.m */,
				C699D6411EE05DCA007AB40B /* UIColor+Common4IOS.h */,
				C699D6421EE05DCA007AB40B /* UIColor+Common4IOS.m */,
				C699D6431EE05DCA007AB40B /* UIGestureRecognizer+YYAdd.h */,
				C699D6441EE05DCA007AB40B /* UIGestureRecognizer+YYAdd.m */,
				C699D6451EE05DCA007AB40B /* UIImage+Common4IOS.h */,
				C699D6461EE05DCA007AB40B /* UIImage+Common4IOS.m */,
				C699D6471EE05DCA007AB40B /* UIImage+Extension.h */,
				C699D6481EE05DCA007AB40B /* UIImage+Extension.m */,
				C699D6491EE05DCA007AB40B /* UILabel+align.h */,
				C699D64A1EE05DCA007AB40B /* UILabel+align.m */,
				C699D64B1EE05DCA007AB40B /* UILabel+ChangeLineSpaceAndWordSpace.h */,
				C699D64C1EE05DCA007AB40B /* UILabel+ChangeLineSpaceAndWordSpace.m */,
				C699D64D1EE05DCA007AB40B /* UIResponder+GXRouter.h */,
				C699D64E1EE05DCA007AB40B /* UIResponder+GXRouter.m */,
				C699D64F1EE05DCA007AB40B /* UIView+Extension.h */,
				C699D6501EE05DCA007AB40B /* UIView+Extension.m */,
			);
			path = Category;
			sourceTree = "<group>";
		};
/* End PBXGroup section */

/* Begin PBXNativeTarget section */
		C695B2D11EDFFAB000A3605A /* standardTemplate */ = {
			isa = PBXNativeTarget;
			buildConfigurationList = C695B2FF1EDFFAB100A3605A /* Build configuration list for PBXNativeTarget "standardTemplate" */;
			buildPhases = (
				6C2DB01983D6733C2EA54197 /* 📦 Check Pods Manifest.lock */,
				C695B2CE1EDFFAB000A3605A /* Sources */,
				C695B2CF1EDFFAB000A3605A /* Frameworks */,
				C695B2D01EDFFAB000A3605A /* Resources */,
				66E3AD050FD3470AB68EA9FF /* 📦 Embed Pods Frameworks */,
				7948B6FBFADB0D988FA3326D /* 📦 Copy Pods Resources */,
			);
			buildRules = (
			);
			dependencies = (
			);
			name = standardTemplate;
			productName = standardTemplate;
			productReference = C695B2D21EDFFAB100A3605A /* standardTemplate.app */;
			productType = "com.apple.product-type.application";
		};
		C695B2EA1EDFFAB100A3605A /* standardTemplateTests */ = {
			isa = PBXNativeTarget;
			buildConfigurationList = C695B3021EDFFAB100A3605A /* Build configuration list for PBXNativeTarget "standardTemplateTests" */;
			buildPhases = (
				C695B2E71EDFFAB100A3605A /* Sources */,
				C695B2E81EDFFAB100A3605A /* Frameworks */,
				C695B2E91EDFFAB100A3605A /* Resources */,
			);
			buildRules = (
			);
			dependencies = (
				C695B2ED1EDFFAB100A3605A /* PBXTargetDependency */,
			);
			name = standardTemplateTests;
			productName = standardTemplateTests;
			productReference = C695B2EB1EDFFAB100A3605A /* standardTemplateTests.xctest */;
			productType = "com.apple.product-type.bundle.unit-test";
		};
		C695B2F51EDFFAB100A3605A /* standardTemplateUITests */ = {
			isa = PBXNativeTarget;
			buildConfigurationList = C695B3051EDFFAB100A3605A /* Build configuration list for PBXNativeTarget "standardTemplateUITests" */;
			buildPhases = (
				C695B2F21EDFFAB100A3605A /* Sources */,
				C695B2F31EDFFAB100A3605A /* Frameworks */,
				C695B2F41EDFFAB100A3605A /* Resources */,
			);
			buildRules = (
			);
			dependencies = (
				C695B2F81EDFFAB100A3605A /* PBXTargetDependency */,
			);
			name = standardTemplateUITests;
			productName = standardTemplateUITests;
			productReference = C695B2F61EDFFAB100A3605A /* standardTemplateUITests.xctest */;
			productType = "com.apple.product-type.bundle.ui-testing";
		};
/* End PBXNativeTarget section */

/* Begin PBXProject section */
		C695B2CA1EDFFAB000A3605A /* Project object */ = {
			isa = PBXProject;
			attributes = {
				LastUpgradeCheck = 0810;
				ORGANIZATIONNAME = "美好午后";
				TargetAttributes = {
					C695B2D11EDFFAB000A3605A = {
						CreatedOnToolsVersion = 8.1;
						DevelopmentTeam = 4TEGC3M482;
						ProvisioningStyle = Automatic;
					};
					C695B2EA1EDFFAB100A3605A = {
						CreatedOnToolsVersion = 8.1;
						DevelopmentTeam = 4TEGC3M482;
						ProvisioningStyle = Automatic;
						TestTargetID = C695B2D11EDFFAB000A3605A;
					};
					C695B2F51EDFFAB100A3605A = {
						CreatedOnToolsVersion = 8.1;
						DevelopmentTeam = 4TEGC3M482;
						ProvisioningStyle = Automatic;
						TestTargetID = C695B2D11EDFFAB000A3605A;
					};
				};
			};
			buildConfigurationList = C695B2CD1EDFFAB000A3605A /* Build configuration list for PBXProject "standardTemplate" */;
			compatibilityVersion = "Xcode 3.2";
			developmentRegion = English;
			hasScannedForEncodings = 0;
			knownRegions = (
				en,
				Base,
			);
			mainGroup = C695B2C91EDFFAB000A3605A;
			productRefGroup = C695B2D31EDFFAB100A3605A /* Products */;
			projectDirPath = "";
			projectRoot = "";
			targets = (
				C695B2D11EDFFAB000A3605A /* standardTemplate */,
				C695B2EA1EDFFAB100A3605A /* standardTemplateTests */,
				C695B2F51EDFFAB100A3605A /* standardTemplateUITests */,
			);
		};
/* End PBXProject section */

/* Begin PBXResourcesBuildPhase section */
		C695B2D01EDFFAB000A3605A /* Resources */ = {
			isa = PBXResourcesBuildPhase;
			buildActionMask = 2147483647;
			files = (
				C695B2E51EDFFAB100A3605A /* LaunchScreen.storyboard in Resources */,
				C699D6241EE05DB8007AB40B /* CitySelectedView.xib in Resources */,
				C699D6261EE05DB8007AB40B /* DateSelectView.xib in Resources */,
				C695B2E21EDFFAB100A3605A /* Assets.xcassets in Resources */,
				C699D6221EE05DB8007AB40B /* city.json in Resources */,
				C695B2E01EDFFAB100A3605A /* Main.storyboard in Resources */,
			);
			runOnlyForDeploymentPostprocessing = 0;
		};
		C695B2E91EDFFAB100A3605A /* Resources */ = {
			isa = PBXResourcesBuildPhase;
			buildActionMask = 2147483647;
			files = (
			);
			runOnlyForDeploymentPostprocessing = 0;
		};
		C695B2F41EDFFAB100A3605A /* Resources */ = {
			isa = PBXResourcesBuildPhase;
			buildActionMask = 2147483647;
			files = (
			);
			runOnlyForDeploymentPostprocessing = 0;
		};
/* End PBXResourcesBuildPhase section */

/* Begin PBXShellScriptBuildPhase section */
		66E3AD050FD3470AB68EA9FF /* 📦 Embed Pods Frameworks */ = {
			isa = PBXShellScriptBuildPhase;
			buildActionMask = 2147483647;
			files = (
			);
			inputPaths = (
			);
			name = "📦 Embed Pods Frameworks";
			outputPaths = (
			);
			runOnlyForDeploymentPostprocessing = 0;
			shellPath = /bin/sh;
			shellScript = "\"${SRCROOT}/Pods/Target Support Files/Pods-standardTemplate/Pods-standardTemplate-frameworks.sh\"\n";
			showEnvVarsInLog = 0;
		};
		6C2DB01983D6733C2EA54197 /* 📦 Check Pods Manifest.lock */ = {
			isa = PBXShellScriptBuildPhase;
			buildActionMask = 2147483647;
			files = (
			);
			inputPaths = (
			);
			name = "📦 Check Pods Manifest.lock";
			outputPaths = (
			);
			runOnlyForDeploymentPostprocessing = 0;
			shellPath = /bin/sh;
			shellScript = "diff \"${PODS_ROOT}/../Podfile.lock\" \"${PODS_ROOT}/Manifest.lock\" > /dev/null\nif [[ $? != 0 ]] ; then\n    cat << EOM\nerror: The sandbox is not in sync with the Podfile.lock. Run 'pod install' or update your CocoaPods installation.\nEOM\n    exit 1\nfi\n";
			showEnvVarsInLog = 0;
		};
		7948B6FBFADB0D988FA3326D /* 📦 Copy Pods Resources */ = {
			isa = PBXShellScriptBuildPhase;
			buildActionMask = 2147483647;
			files = (
			);
			inputPaths = (
			);
			name = "📦 Copy Pods Resources";
			outputPaths = (
			);
			runOnlyForDeploymentPostprocessing = 0;
			shellPath = /bin/sh;
			shellScript = "\"${SRCROOT}/Pods/Target Support Files/Pods-standardTemplate/Pods-standardTemplate-resources.sh\"\n";
			showEnvVarsInLog = 0;
		};
/* End PBXShellScriptBuildPhase section */

/* Begin PBXSourcesBuildPhase section */
		C695B2CE1EDFFAB000A3605A /* Sources */ = {
			isa = PBXSourcesBuildPhase;
			buildActionMask = 2147483647;
			files = (
				C699D6281EE05DB8007AB40B /* SaveFriendsInfoTool.m in Sources */,
				C699D5F21EE05DB2007AB40B /* XBNetAcess.m in Sources */,
				C699D6531EE05DCA007AB40B /* NSDictionary+Extension.m in Sources */,
				C695B2DD1EDFFAB100A3605A /* ViewController.m in Sources */,
				C699D6561EE05DCA007AB40B /* NSString+UUID.m in Sources */,
				C699D6581EE05DCA007AB40B /* UIColor+Common4IOS.m in Sources */,
				C699D6301EE05DB8007AB40B /* LRButton.m in Sources */,
				C699D61F1EE05DB8007AB40B /* MainModel.m in Sources */,
				C699D6311EE05DB8007AB40B /* Main_TabelView.m in Sources */,
				C695B2DA1EDFFAB100A3605A /* AppDelegate.m in Sources */,
				C699D65D1EE05DCA007AB40B /* UILabel+ChangeLineSpaceAndWordSpace.m in Sources */,
				C699D62A1EE05DB8007AB40B /* SystemNewModel.m in Sources */,
				C699D6231EE05DB8007AB40B /* CitySelectedView.m in Sources */,
				C695B2D71EDFFAB100A3605A /* main.m in Sources */,
				C699D6521EE05DCA007AB40B /* NSDate+Extension.m in Sources */,
				C699D65A1EE05DCA007AB40B /* UIImage+Common4IOS.m in Sources */,
				C699D5F11EE05DB2007AB40B /* NSData+Encryption.m in Sources */,
				C699D62B1EE05DB8007AB40B /* HKBadgeButton.m in Sources */,
				C699D65F1EE05DCA007AB40B /* UIView+Extension.m in Sources */,
				C699D62E1EE05DB8007AB40B /* HKtabBarButton.m in Sources */,
				C699D62C1EE05DB8007AB40B /* HKNavigationController.m in Sources */,
				C699D6541EE05DCA007AB40B /* NSString+Frame.m in Sources */,
				C699D6271EE05DB8007AB40B /* RootViewController.m in Sources */,
				C699D62F1EE05DB8007AB40B /* HKTabBarViewController.m in Sources */,
				C699D6511EE05DCA007AB40B /* MBProgressHUD+MJ.m in Sources */,
				C699D65E1EE05DCA007AB40B /* UIResponder+GXRouter.m in Sources */,
				C699D65B1EE05DCA007AB40B /* UIImage+Extension.m in Sources */,
				C699D6551EE05DCA007AB40B /* NSString+MD5Str.m in Sources */,
				C699D6591EE05DCA007AB40B /* UIGestureRecognizer+YYAdd.m in Sources */,
				C699D6211EE05DB8007AB40B /* HKSearchBar.m in Sources */,
				C699D6571EE05DCA007AB40B /* UIButton+title_imageView_layout.m in Sources */,
				C699D6291EE05DB8007AB40B /* CustomScrollView.m in Sources */,
				C699D6251EE05DB8007AB40B /* DateSelectView.m in Sources */,
				C699D65C1EE05DCA007AB40B /* UILabel+align.m in Sources */,
				C699D62D1EE05DB8007AB40B /* HKtabBar.m in Sources */,
				C699D6201EE05DB8007AB40B /* CustomNavigationBar.m in Sources */,
			);
			runOnlyForDeploymentPostprocessing = 0;
		};
		C695B2E71EDFFAB100A3605A /* Sources */ = {
			isa = PBXSourcesBuildPhase;
			buildActionMask = 2147483647;
			files = (
				C695B2F01EDFFAB100A3605A /* standardTemplateTests.m in Sources */,
			);
			runOnlyForDeploymentPostprocessing = 0;
		};
		C695B2F21EDFFAB100A3605A /* Sources */ = {
			isa = PBXSourcesBuildPhase;
			buildActionMask = 2147483647;
			files = (
				C695B2FB1EDFFAB100A3605A /* standardTemplateUITests.m in Sources */,
			);
			runOnlyForDeploymentPostprocessing = 0;
		};
/* End PBXSourcesBuildPhase section */

/* Begin PBXTargetDependency section */
		C695B2ED1EDFFAB100A3605A /* PBXTargetDependency */ = {
			isa = PBXTargetDependency;
			target = C695B2D11EDFFAB000A3605A /* standardTemplate */;
			targetProxy = C695B2EC1EDFFAB100A3605A /* PBXContainerItemProxy */;
		};
		C695B2F81EDFFAB100A3605A /* PBXTargetDependency */ = {
			isa = PBXTargetDependency;
			target = C695B2D11EDFFAB000A3605A /* standardTemplate */;
			targetProxy = C695B2F71EDFFAB100A3605A /* PBXContainerItemProxy */;
		};
/* End PBXTargetDependency section */

/* Begin PBXVariantGroup section */
		C695B2DE1EDFFAB100A3605A /* Main.storyboard */ = {
			isa = PBXVariantGroup;
			children = (
				C695B2DF1EDFFAB100A3605A /* Base */,
			);
			name = Main.storyboard;
			sourceTree = "<group>";
		};
		C695B2E31EDFFAB100A3605A /* LaunchScreen.storyboard */ = {
			isa = PBXVariantGroup;
			children = (
				C695B2E41EDFFAB100A3605A /* Base */,
			);
			name = LaunchScreen.storyboard;
			sourceTree = "<group>";
		};
/* End PBXVariantGroup section */

/* Begin XCBuildConfiguration section */
		C695B2FD1EDFFAB100A3605A /* Debug */ = {
			isa = XCBuildConfiguration;
			buildSettings = {
				ALWAYS_SEARCH_USER_PATHS = NO;
				CLANG_ANALYZER_NONNULL = YES;
				CLANG_CXX_LANGUAGE_STANDARD = "gnu++0x";
				CLANG_CXX_LIBRARY = "libc++";
				CLANG_ENABLE_MODULES = YES;
				CLANG_ENABLE_OBJC_ARC = YES;
				CLANG_WARN_BOOL_CONVERSION = YES;
				CLANG_WARN_CONSTANT_CONVERSION = YES;
				CLANG_WARN_DIRECT_OBJC_ISA_USAGE = YES_ERROR;
				CLANG_WARN_DOCUMENTATION_COMMENTS = YES;
				CLANG_WARN_EMPTY_BODY = YES;
				CLANG_WARN_ENUM_CONVERSION = YES;
				CLANG_WARN_INFINITE_RECURSION = YES;
				CLANG_WARN_INT_CONVERSION = YES;
				CLANG_WARN_OBJC_ROOT_CLASS = YES_ERROR;
				CLANG_WARN_SUSPICIOUS_MOVES = YES;
				CLANG_WARN_UNREACHABLE_CODE = YES;
				CLANG_WARN__DUPLICATE_METHOD_MATCH = YES;
				"CODE_SIGN_IDENTITY[sdk=iphoneos*]" = "iPhone Developer";
				COPY_PHASE_STRIP = NO;
				DEBUG_INFORMATION_FORMAT = dwarf;
				ENABLE_STRICT_OBJC_MSGSEND = YES;
				ENABLE_TESTABILITY = YES;
				GCC_C_LANGUAGE_STANDARD = gnu99;
				GCC_DYNAMIC_NO_PIC = NO;
				GCC_NO_COMMON_BLOCKS = YES;
				GCC_OPTIMIZATION_LEVEL = 0;
				GCC_PREPROCESSOR_DEFINITIONS = (
					"DEBUG=1",
					"$(inherited)",
				);
				GCC_WARN_64_TO_32_BIT_CONVERSION = YES;
				GCC_WARN_ABOUT_RETURN_TYPE = YES_ERROR;
				GCC_WARN_UNDECLARED_SELECTOR = YES;
				GCC_WARN_UNINITIALIZED_AUTOS = YES_AGGRESSIVE;
				GCC_WARN_UNUSED_FUNCTION = YES;
				GCC_WARN_UNUSED_VARIABLE = YES;
				IPHONEOS_DEPLOYMENT_TARGET = 10.1;
				MTL_ENABLE_DEBUG_INFO = YES;
				ONLY_ACTIVE_ARCH = YES;
				SDKROOT = iphoneos;
				TARGETED_DEVICE_FAMILY = "1,2";
			};
			name = Debug;
		};
		C695B2FE1EDFFAB100A3605A /* Release */ = {
			isa = XCBuildConfiguration;
			buildSettings = {
				ALWAYS_SEARCH_USER_PATHS = NO;
				CLANG_ANALYZER_NONNULL = YES;
				CLANG_CXX_LANGUAGE_STANDARD = "gnu++0x";
				CLANG_CXX_LIBRARY = "libc++";
				CLANG_ENABLE_MODULES = YES;
				CLANG_ENABLE_OBJC_ARC = YES;
				CLANG_WARN_BOOL_CONVERSION = YES;
				CLANG_WARN_CONSTANT_CONVERSION = YES;
				CLANG_WARN_DIRECT_OBJC_ISA_USAGE = YES_ERROR;
				CLANG_WARN_DOCUMENTATION_COMMENTS = YES;
				CLANG_WARN_EMPTY_BODY = YES;
				CLANG_WARN_ENUM_CONVERSION = YES;
				CLANG_WARN_INFINITE_RECURSION = YES;
				CLANG_WARN_INT_CONVERSION = YES;
				CLANG_WARN_OBJC_ROOT_CLASS = YES_ERROR;
				CLANG_WARN_SUSPICIOUS_MOVES = YES;
				CLANG_WARN_UNREACHABLE_CODE = YES;
				CLANG_WARN__DUPLICATE_METHOD_MATCH = YES;
				"CODE_SIGN_IDENTITY[sdk=iphoneos*]" = "iPhone Developer";
				COPY_PHASE_STRIP = NO;
				DEBUG_INFORMATION_FORMAT = "dwarf-with-dsym";
				ENABLE_NS_ASSERTIONS = NO;
				ENABLE_STRICT_OBJC_MSGSEND = YES;
				GCC_C_LANGUAGE_STANDARD = gnu99;
				GCC_NO_COMMON_BLOCKS = YES;
				GCC_WARN_64_TO_32_BIT_CONVERSION = YES;
				GCC_WARN_ABOUT_RETURN_TYPE = YES_ERROR;
				GCC_WARN_UNDECLARED_SELECTOR = YES;
				GCC_WARN_UNINITIALIZED_AUTOS = YES_AGGRESSIVE;
				GCC_WARN_UNUSED_FUNCTION = YES;
				GCC_WARN_UNUSED_VARIABLE = YES;
				IPHONEOS_DEPLOYMENT_TARGET = 10.1;
				MTL_ENABLE_DEBUG_INFO = NO;
				SDKROOT = iphoneos;
				TARGETED_DEVICE_FAMILY = "1,2";
				VALIDATE_PRODUCT = YES;
			};
			name = Release;
		};
		C695B3001EDFFAB100A3605A /* Debug */ = {
			isa = XCBuildConfiguration;
			baseConfigurationReference = 9C4359EBA60C924BFAF43486 /* Pods-standardTemplate.debug.xcconfig */;
			buildSettings = {
				ASSETCATALOG_COMPILER_APPICON_NAME = AppIcon;
				DEVELOPMENT_TEAM = 4TEGC3M482;
				INFOPLIST_FILE = standardTemplate/Info.plist;
				LD_RUNPATH_SEARCH_PATHS = "$(inherited) @executable_path/Frameworks";
				PRODUCT_BUNDLE_IDENTIFIER = com.standardTemplate;
				PRODUCT_NAME = "$(TARGET_NAME)";
			};
			name = Debug;
		};
		C695B3011EDFFAB100A3605A /* Release */ = {
			isa = XCBuildConfiguration;
			baseConfigurationReference = B9F987BE85379A358FC944D7 /* Pods-standardTemplate.release.xcconfig */;
			buildSettings = {
				ASSETCATALOG_COMPILER_APPICON_NAME = AppIcon;
				DEVELOPMENT_TEAM = 4TEGC3M482;
				INFOPLIST_FILE = standardTemplate/Info.plist;
				LD_RUNPATH_SEARCH_PATHS = "$(inherited) @executable_path/Frameworks";
				PRODUCT_BUNDLE_IDENTIFIER = com.standardTemplate;
				PRODUCT_NAME = "$(TARGET_NAME)";
			};
			name = Release;
		};
		C695B3031EDFFAB100A3605A /* Debug */ = {
			isa = XCBuildConfiguration;
			buildSettings = {
				BUNDLE_LOADER = "$(TEST_HOST)";
				DEVELOPMENT_TEAM = 4TEGC3M482;
				INFOPLIST_FILE = standardTemplateTests/Info.plist;
				LD_RUNPATH_SEARCH_PATHS = "$(inherited) @executable_path/Frameworks @loader_path/Frameworks";
				PRODUCT_BUNDLE_IDENTIFIER = com.standardTemplateTests;
				PRODUCT_NAME = "$(TARGET_NAME)";
				TEST_HOST = "$(BUILT_PRODUCTS_DIR)/standardTemplate.app/standardTemplate";
			};
			name = Debug;
		};
		C695B3041EDFFAB100A3605A /* Release */ = {
			isa = XCBuildConfiguration;
			buildSettings = {
				BUNDLE_LOADER = "$(TEST_HOST)";
				DEVELOPMENT_TEAM = 4TEGC3M482;
				INFOPLIST_FILE = standardTemplateTests/Info.plist;
				LD_RUNPATH_SEARCH_PATHS = "$(inherited) @executable_path/Frameworks @loader_path/Frameworks";
				PRODUCT_BUNDLE_IDENTIFIER = com.standardTemplateTests;
				PRODUCT_NAME = "$(TARGET_NAME)";
				TEST_HOST = "$(BUILT_PRODUCTS_DIR)/standardTemplate.app/standardTemplate";
			};
			name = Release;
		};
		C695B3061EDFFAB100A3605A /* Debug */ = {
			isa = XCBuildConfiguration;
			buildSettings = {
				DEVELOPMENT_TEAM = 4TEGC3M482;
				INFOPLIST_FILE = standardTemplateUITests/Info.plist;
				LD_RUNPATH_SEARCH_PATHS = "$(inherited) @executable_path/Frameworks @loader_path/Frameworks";
				PRODUCT_BUNDLE_IDENTIFIER = com.standardTemplateUITests;
				PRODUCT_NAME = "$(TARGET_NAME)";
				TEST_TARGET_NAME = standardTemplate;
			};
			name = Debug;
		};
		C695B3071EDFFAB100A3605A /* Release */ = {
			isa = XCBuildConfiguration;
			buildSettings = {
				DEVELOPMENT_TEAM = 4TEGC3M482;
				INFOPLIST_FILE = standardTemplateUITests/Info.plist;
				LD_RUNPATH_SEARCH_PATHS = "$(inherited) @executable_path/Frameworks @loader_path/Frameworks";
				PRODUCT_BUNDLE_IDENTIFIER = com.standardTemplateUITests;
				PRODUCT_NAME = "$(TARGET_NAME)";
				TEST_TARGET_NAME = standardTemplate;
			};
			name = Release;
		};
/* End XCBuildConfiguration section */

/* Begin XCConfigurationList section */
		C695B2CD1EDFFAB000A3605A /* Build configuration list for PBXProject "standardTemplate" */ = {
			isa = XCConfigurationList;
			buildConfigurations = (
				C695B2FD1EDFFAB100A3605A /* Debug */,
				C695B2FE1EDFFAB100A3605A /* Release */,
			);
			defaultConfigurationIsVisible = 0;
			defaultConfigurationName = Release;
		};
		C695B2FF1EDFFAB100A3605A /* Build configuration list for PBXNativeTarget "standardTemplate" */ = {
			isa = XCConfigurationList;
			buildConfigurations = (
				C695B3001EDFFAB100A3605A /* Debug */,
				C695B3011EDFFAB100A3605A /* Release */,
			);
			defaultConfigurationIsVisible = 0;
			defaultConfigurationName = Release;
		};
		C695B3021EDFFAB100A3605A /* Build configuration list for PBXNativeTarget "standardTemplateTests" */ = {
			isa = XCConfigurationList;
			buildConfigurations = (
				C695B3031EDFFAB100A3605A /* Debug */,
				C695B3041EDFFAB100A3605A /* Release */,
			);
			defaultConfigurationIsVisible = 0;
			defaultConfigurationName = Release;
		};
		C695B3051EDFFAB100A3605A /* Build configuration list for PBXNativeTarget "standardTemplateUITests" */ = {
			isa = XCConfigurationList;
			buildConfigurations = (
				C695B3061EDFFAB100A3605A /* Debug */,
				C695B3071EDFFAB100A3605A /* Release */,
			);
			defaultConfigurationIsVisible = 0;
			defaultConfigurationName = Release;
		};
/* End XCConfigurationList section */
	};
	rootObject = C695B2CA1EDFFAB000A3605A /* Project object */;
}
